# This file is automatically @generated by Cargo.
# It is not intended for manual editing.
version = 3

[[package]]
name = "sptlc_ast"
version = "0.1.0"

[[package]]
name = "sptlc_hir"
version = "0.1.0"
dependencies = [
 "sptlc_ast",
]

[[package]]
name = "sptlc_ir"
version = "0.1.0"

[[package]]
name = "sptlc_lexer"
version = "0.1.0"
dependencies = [
 "sptlc_ast",
]

[[package]]
name = "sptlc_thir"
version = "0.1.0"
dependencies = [
 "sptlc_hir",
]
